<?xml version="1.0" encoding="utf-8"?>
<Project ToolsVersion="4.0" xmlns="http://schemas.microsoft.com/developer/msbuild/2003">
  <ItemGroup>
    <Filter Include="源文件">
      <UniqueIdentifier>{4FC737F1-C7A5-4376-A066-2A32D752A2FF}</UniqueIdentifier>
      <Extensions>cpp;c;cc;cxx;c++;cppm;ixx;def;odl;idl;hpj;bat;asm;asmx</Extensions>
    </Filter>
    <Filter Include="头文件">
      <UniqueIdentifier>{93995380-89BD-4b04-88EB-625FBE52EBFB}</UniqueIdentifier>
      <Extensions>h;hh;hpp;hxx;h++;hm;inl;inc;ipp;xsd</Extensions>
    </Filter>
    <Filter Include="资源文件">
      <UniqueIdentifier>{67DA6AB6-F800-4c08-8B7A-83BB121AAD01}</UniqueIdentifier>
      <Extensions>rc;ico;cur;bmp;dlg;rc2;rct;bin;rgs;gif;jpg;jpeg;jpe;resx;tiff;tif;png;wav;mfcribbon-ms</Extensions>
    </Filter>
  </ItemGroup>
  <ItemGroup>
    <ClCompile Include="main.cpp">
      <Filter>源文件</Filter>
    </ClCompile>
    <ClCompile Include="Win\WinBase.cpp">
      <Filter>源文件</Filter>
    </ClCompile>
    <ClCompile Include="App\Util.cpp">
      <Filter>源文件</Filter>
    </ClCompile>
    <ClCompile Include="App\App.cpp">
      <Filter>源文件</Filter>
    </ClCompile>
    <ClCompile Include="Win\Page.cpp">
      <Filter>源文件</Filter>
    </ClCompile>
  </ItemGroup>
  <ItemGroup>
    <None Include="packages.config" />
    <None Include="Doc\Config.md" />
    <None Include="Doc\Deploy.md" />
    <None Include="Doc\API.md" />
  </ItemGroup>
  <ItemGroup>
    <ClInclude Include="Win\WinBase.h">
      <Filter>头文件</Filter>
    </ClInclude>
    <ClInclude Include="App\Util.h">
      <Filter>头文件</Filter>
    </ClInclude>
    <ClInclude Include="App\App.h">
      <Filter>头文件</Filter>
    </ClInclude>
    <ClInclude Include="Lib\rapidjson\error\en.h">
      <Filter>头文件</Filter>
    </ClInclude>
    <ClInclude Include="Lib\rapidjson\error\error.h">
      <Filter>头文件</Filter>
    </ClInclude>
    <ClInclude Include="Lib\rapidjson\internal\biginteger.h">
      <Filter>头文件</Filter>
    </ClInclude>
    <ClInclude Include="Lib\rapidjson\internal\clzll.h">
      <Filter>头文件</Filter>
    </ClInclude>
    <ClInclude Include="Lib\rapidjson\internal\diyfp.h">
      <Filter>头文件</Filter>
    </ClInclude>
    <ClInclude Include="Lib\rapidjson\internal\dtoa.h">
      <Filter>头文件</Filter>
    </ClInclude>
    <ClInclude Include="Lib\rapidjson\internal\ieee754.h">
      <Filter>头文件</Filter>
    </ClInclude>
    <ClInclude Include="Lib\rapidjson\internal\itoa.h">
      <Filter>头文件</Filter>
    </ClInclude>
    <ClInclude Include="Lib\rapidjson\internal\meta.h">
      <Filter>头文件</Filter>
    </ClInclude>
    <ClInclude Include="Lib\rapidjson\internal\pow10.h">
      <Filter>头文件</Filter>
    </ClInclude>
    <ClInclude Include="Lib\rapidjson\internal\regex.h">
      <Filter>头文件</Filter>
    </ClInclude>
    <ClInclude Include="Lib\rapidjson\internal\stack.h">
      <Filter>头文件</Filter>
    </ClInclude>
    <ClInclude Include="Lib\rapidjson\internal\strfunc.h">
      <Filter>头文件</Filter>
    </ClInclude>
    <ClInclude Include="Lib\rapidjson\internal\strtod.h">
      <Filter>头文件</Filter>
    </ClInclude>
    <ClInclude Include="Lib\rapidjson\internal\swap.h">
      <Filter>头文件</Filter>
    </ClInclude>
    <ClInclude Include="Lib\rapidjson\msinttypes\inttypes.h">
      <Filter>头文件</Filter>
    </ClInclude>
    <ClInclude Include="Lib\rapidjson\msinttypes\stdint.h">
      <Filter>头文件</Filter>
    </ClInclude>
    <ClInclude Include="Lib\rapidjson\allocators.h">
      <Filter>头文件</Filter>
    </ClInclude>
    <ClInclude Include="Lib\rapidjson\cursorstreamwrapper.h">
      <Filter>头文件</Filter>
    </ClInclude>
    <ClInclude Include="Lib\rapidjson\document.h">
      <Filter>头文件</Filter>
    </ClInclude>
    <ClInclude Include="Lib\rapidjson\encodedstream.h">
      <Filter>头文件</Filter>
    </ClInclude>
    <ClInclude Include="Lib\rapidjson\encodings.h">
      <Filter>头文件</Filter>
    </ClInclude>
    <ClInclude Include="Lib\rapidjson\filereadstream.h">
      <Filter>头文件</Filter>
    </ClInclude>
    <ClInclude Include="Lib\rapidjson\filewritestream.h">
      <Filter>头文件</Filter>
    </ClInclude>
    <ClInclude Include="Lib\rapidjson\fwd.h">
      <Filter>头文件</Filter>
    </ClInclude>
    <ClInclude Include="Lib\rapidjson\istreamwrapper.h">
      <Filter>头文件</Filter>
    </ClInclude>
    <ClInclude Include="Lib\rapidjson\memorybuffer.h">
      <Filter>头文件</Filter>
    </ClInclude>
    <ClInclude Include="Lib\rapidjson\memorystream.h">
      <Filter>头文件</Filter>
    </ClInclude>
    <ClInclude Include="Lib\rapidjson\ostreamwrapper.h">
      <Filter>头文件</Filter>
    </ClInclude>
    <ClInclude Include="Lib\rapidjson\pointer.h">
      <Filter>头文件</Filter>
    </ClInclude>
    <ClInclude Include="Lib\rapidjson\prettywriter.h">
      <Filter>头文件</Filter>
    </ClInclude>
    <ClInclude Include="Lib\rapidjson\rapidjson.h">
      <Filter>头文件</Filter>
    </ClInclude>
    <ClInclude Include="Lib\rapidjson\reader.h">
      <Filter>头文件</Filter>
    </ClInclude>
    <ClInclude Include="Lib\rapidjson\schema.h">
      <Filter>头文件</Filter>
    </ClInclude>
    <ClInclude Include="Lib\rapidjson\stream.h">
      <Filter>头文件</Filter>
    </ClInclude>
    <ClInclude Include="Lib\rapidjson\stringbuffer.h">
      <Filter>头文件</Filter>
    </ClInclude>
    <ClInclude Include="Lib\rapidjson\uri.h">
      <Filter>头文件</Filter>
    </ClInclude>
    <ClInclude Include="Lib\rapidjson\writer.h">
      <Filter>头文件</Filter>
    </ClInclude>
    <ClInclude Include="Win\Page.h">
      <Filter>头文件</Filter>
    </ClInclude>
  </ItemGroup>
  <ItemGroup>
    <CopyFileToFolders Include="config.json" />
  </ItemGroup>
  <ItemGroup>
    <Natvis Include="$(MSBuildThisFileDirectory)..\..\natvis\wil.natvis" />
    <Natvis Include="$(MSBuildThisFileDirectory)..\..\natvis\wil.natstepfilter" />
  </ItemGroup>
</Project>